
Microsoft Visual Studio Solution File, Format Version 12.00
# Visual Studio Version 17
VisualStudioVersion = 17.9.34622.214
MinimumVisualStudioVersion = 10.0.40219.1
Project("{9A19103F-16F7-4668-BE54-9A1E7A4F7556}") = "IMDbConsole", "IMDB_EfDbCons\IMDbConsole.csproj", "{777FA728-7FD8-4056-8910-27EF73C607D7}"
EndProject
Project("{FAE04EC0-301F-11D3-BF4B-00C04F79EFBC}") = "IMDbLib", "..\IMDbLib\IMDbLib\IMDbLib.csproj", "{2A6B5A01-2700-93E5-F75E-80666982475D}"
EndProject
Project("{FAE04EC0-301F-11D3-BF4B-00C04F79EFBC}") = "IMDbREST", "..\IMDbREST\IMDbREST\IMDbREST.csproj", "{A3BB43CA-D354-0AB5-858C-019361806019}"
EndProject
Global
	GlobalSection(SolutionConfigurationPlatforms) = preSolution
		Debug|Any CPU = Debug|Any CPU
		Release|Any CPU = Release|Any CPU
	EndGlobalSection
	GlobalSection(ProjectConfigurationPlatforms) = postSolution
		{777FA728-7FD8-4056-8910-27EF73C607D7}.Debug|Any CPU.ActiveCfg = Debug|Any CPU
		{777FA728-7FD8-4056-8910-27EF73C607D7}.Debug|Any CPU.Build.0 = Debug|Any CPU
		{777FA728-7FD8-4056-8910-27EF73C607D7}.Release|Any CPU.ActiveCfg = Release|Any CPU
		{777FA728-7FD8-4056-8910-27EF73C607D7}.Release|Any CPU.Build.0 = Release|Any CPU
		{2A6B5A01-2700-93E5-F75E-80666982475D}.Debug|Any CPU.ActiveCfg = Debug|Any CPU
		{2A6B5A01-2700-93E5-F75E-80666982475D}.Debug|Any CPU.Build.0 = Debug|Any CPU
		{2A6B5A01-2700-93E5-F75E-80666982475D}.Release|Any CPU.ActiveCfg = Release|Any CPU
		{2A6B5A01-2700-93E5-F75E-80666982475D}.Release|Any CPU.Build.0 = Release|Any CPU
		{A3BB43CA-D354-0AB5-858C-019361806019}.Debug|Any CPU.ActiveCfg = Debug|Any CPU
		{A3BB43CA-D354-0AB5-858C-019361806019}.Debug|Any CPU.Build.0 = Debug|Any CPU
		{A3BB43CA-D354-0AB5-858C-019361806019}.Release|Any CPU.ActiveCfg = Release|Any CPU
		{A3BB43CA-D354-0AB5-858C-019361806019}.Release|Any CPU.Build.0 = Release|Any CPU
	EndGlobalSection
	GlobalSection(SolutionProperties) = preSolution
		HideSolutionNode = FALSE
	EndGlobalSection
	GlobalSection(ExtensibilityGlobals) = postSolution
		SolutionGuid = {1D35A546-39D1-4AE5-9515-FBEBDF531201}
	EndGlobalSection
EndGlobal
